// !$*UTF8*$!
{
	archiveVersion = 1;
	classes = {
	};
	objectVersion = 55;
	objects = {

/* Begin PBXBuildFile section */
		08FF7A116DA7A9D88E39F889 /* Pods_ExpenseIncomeTracker.framework in Frameworks */ = {isa = PBXBuildFile; fileRef = 0837FFAB14D212C192BC69DF /* Pods_ExpenseIncomeTracker.framework */; };
		7A029A8D29070EE700A2D785 /* AppDelegate.swift in Sources */ = {isa = PBXBuildFile; fileRef = 7A029A8C29070EE700A2D785 /* AppDelegate.swift */; };
		7A029A9129070EE700A2D785 /* ViewController.swift in Sources */ = {isa = PBXBuildFile; fileRef = 7A029A9029070EE700A2D785 /* ViewController.swift */; };
		7A029A9629070EE800A2D785 /* Assets.xcassets in Resources */ = {isa = PBXBuildFile; fileRef = 7A029A9529070EE800A2D785 /* Assets.xcassets */; };
		7A029A9929070EE800A2D785 /* LaunchScreen.storyboard in Resources */ = {isa = PBXBuildFile; fileRef = 7A029A9729070EE800A2D785 /* LaunchScreen.storyboard */; };
		7A029AA129070F8D00A2D785 /* Utilities.swift in Sources */ = {isa = PBXBuildFile; fileRef = 7A029AA029070F8D00A2D785 /* Utilities.swift */; };
		7A029AA32907101200A2D785 /* TabBarController.swift in Sources */ = {isa = PBXBuildFile; fileRef = 7A029AA22907101200A2D785 /* TabBarController.swift */; };
		7A029AB72907104F00A2D785 /* Inter-BoldItalic.otf in Resources */ = {isa = PBXBuildFile; fileRef = 7A029AA52907104F00A2D785 /* Inter-BoldItalic.otf */; };
		7A029AB82907104F00A2D785 /* Inter-LightItalic.otf in Resources */ = {isa = PBXBuildFile; fileRef = 7A029AA62907104F00A2D785 /* Inter-LightItalic.otf */; };
		7A029AB92907104F00A2D785 /* Inter-Bold.otf in Resources */ = {isa = PBXBuildFile; fileRef = 7A029AA72907104F00A2D785 /* Inter-Bold.otf */; };
		7A029ABA2907104F00A2D785 /* Inter-Light.otf in Resources */ = {isa = PBXBuildFile; fileRef = 7A029AA82907104F00A2D785 /* Inter-Light.otf */; };
		7A029ABB2907104F00A2D785 /* Inter-ExtraLight.otf in Resources */ = {isa = PBXBuildFile; fileRef = 7A029AA92907104F00A2D785 /* Inter-ExtraLight.otf */; };
		7A029ABC2907104F00A2D785 /* Inter-Black.otf in Resources */ = {isa = PBXBuildFile; fileRef = 7A029AAA2907104F00A2D785 /* Inter-Black.otf */; };
		7A029ABD2907104F00A2D785 /* Inter-ExtraBold.otf in Resources */ = {isa = PBXBuildFile; fileRef = 7A029AAB2907104F00A2D785 /* Inter-ExtraBold.otf */; };
		7A029ABE2907104F00A2D785 /* Inter-ExtraBoldItalic.otf in Resources */ = {isa = PBXBuildFile; fileRef = 7A029AAC2907104F00A2D785 /* Inter-ExtraBoldItalic.otf */; };
		7A029ABF2907104F00A2D785 /* Inter-Medium.otf in Resources */ = {isa = PBXBuildFile; fileRef = 7A029AAD2907104F00A2D785 /* Inter-Medium.otf */; };
		7A029AC02907104F00A2D785 /* Inter-Regular.otf in Resources */ = {isa = PBXBuildFile; fileRef = 7A029AAE2907104F00A2D785 /* Inter-Regular.otf */; };
		7A029AC12907104F00A2D785 /* Inter-SemiBoldItalic.otf in Resources */ = {isa = PBXBuildFile; fileRef = 7A029AAF2907104F00A2D785 /* Inter-SemiBoldItalic.otf */; };
		7A029AC22907104F00A2D785 /* Inter-Thin.otf in Resources */ = {isa = PBXBuildFile; fileRef = 7A029AB02907104F00A2D785 /* Inter-Thin.otf */; };
		7A029AC32907104F00A2D785 /* Inter-SemiBold.otf in Resources */ = {isa = PBXBuildFile; fileRef = 7A029AB12907104F00A2D785 /* Inter-SemiBold.otf */; };
		7A029AC42907104F00A2D785 /* Inter-MediumItalic.otf in Resources */ = {isa = PBXBuildFile; fileRef = 7A029AB22907104F00A2D785 /* Inter-MediumItalic.otf */; };
		7A029AC52907104F00A2D785 /* Inter-Italic.otf in Resources */ = {isa = PBXBuildFile; fileRef = 7A029AB32907104F00A2D785 /* Inter-Italic.otf */; };
		7A029AC62907104F00A2D785 /* Inter-ExtraLightItalic.otf in Resources */ = {isa = PBXBuildFile; fileRef = 7A029AB42907104F00A2D785 /* Inter-ExtraLightItalic.otf */; };
		7A029AC72907104F00A2D785 /* Inter-BlackItalic.otf in Resources */ = {isa = PBXBuildFile; fileRef = 7A029AB52907104F00A2D785 /* Inter-BlackItalic.otf */; };
		7A029AC82907104F00A2D785 /* Inter-ThinItalic.otf in Resources */ = {isa = PBXBuildFile; fileRef = 7A029AB62907104F00A2D785 /* Inter-ThinItalic.otf */; };
		7A029AD22907108500A2D785 /* ReportVC.swift in Sources */ = {isa = PBXBuildFile; fileRef = 7A029ACA2907108500A2D785 /* ReportVC.swift */; };
		7A029AD32907108500A2D785 /* StatisticVC.swift in Sources */ = {isa = PBXBuildFile; fileRef = 7A029ACB2907108500A2D785 /* StatisticVC.swift */; };
		7A029AD42907108500A2D785 /* TransactionDetailsVC.swift in Sources */ = {isa = PBXBuildFile; fileRef = 7A029ACC2907108500A2D785 /* TransactionDetailsVC.swift */; };
		7A029AD52907108500A2D785 /* LoginVC.swift in Sources */ = {isa = PBXBuildFile; fileRef = 7A029ACD2907108500A2D785 /* LoginVC.swift */; };
		7A029AD62907108500A2D785 /* ProfileVC.swift in Sources */ = {isa = PBXBuildFile; fileRef = 7A029ACE2907108500A2D785 /* ProfileVC.swift */; };
		7A029AD72907108500A2D785 /* AddIncomeExpenseVC.swift in Sources */ = {isa = PBXBuildFile; fileRef = 7A029ACF2907108500A2D785 /* AddIncomeExpenseVC.swift */; };
		7A029AD82907108500A2D785 /* HomeVC.swift in Sources */ = {isa = PBXBuildFile; fileRef = 7A029AD02907108500A2D785 /* HomeVC.swift */; };
		7A029AD92907108500A2D785 /* RegisterVC.swift in Sources */ = {isa = PBXBuildFile; fileRef = 7A029AD12907108500A2D785 /* RegisterVC.swift */; };
		7A029ADC290710CD00A2D785 /* CellStatisticTimePeriod.swift in Sources */ = {isa = PBXBuildFile; fileRef = 7A029ADB290710CD00A2D785 /* CellStatisticTimePeriod.swift */; };
		7A2226DB2907C2FB00191C63 /* FirebaseAnalytics in Frameworks */ = {isa = PBXBuildFile; productRef = 7A2226DA2907C2FB00191C63 /* FirebaseAnalytics */; };
		7A2226DD2907C2FB00191C63 /* FirebaseAuth in Frameworks */ = {isa = PBXBuildFile; productRef = 7A2226DC2907C2FB00191C63 /* FirebaseAuth */; };
		7A2226DF2907C2FB00191C63 /* FirebaseFirestore in Frameworks */ = {isa = PBXBuildFile; productRef = 7A2226DE2907C2FB00191C63 /* FirebaseFirestore */; };
		7A2226E12907C2FB00191C63 /* FirebaseFirestoreSwift in Frameworks */ = {isa = PBXBuildFile; productRef = 7A2226E02907C2FB00191C63 /* FirebaseFirestoreSwift */; };
		7AD296302907293A005B224C /* GoogleService-Info.plist in Resources */ = {isa = PBXBuildFile; fileRef = 7AD2962F2907293A005B224C /* GoogleService-Info.plist */; };
/* End PBXBuildFile section */

/* Begin PBXFileReference section */
		0837FFAB14D212C192BC69DF /* Pods_ExpenseIncomeTracker.framework */ = {isa = PBXFileReference; explicitFileType = wrapper.framework; includeInIndex = 0; path = Pods_ExpenseIncomeTracker.framework; sourceTree = BUILT_PRODUCTS_DIR; };
		7A029A8929070EE700A2D785 /* ExpenseIncomeTracker.app */ = {isa = PBXFileReference; explicitFileType = wrapper.application; includeInIndex = 0; path = ExpenseIncomeTracker.app; sourceTree = BUILT_PRODUCTS_DIR; };
		7A029A8C29070EE700A2D785 /* AppDelegate.swift */ = {isa = PBXFileReference; lastKnownFileType = sourcecode.swift; path = AppDelegate.swift; sourceTree = "<group>"; };
		7A029A9029070EE700A2D785 /* ViewController.swift */ = {isa = PBXFileReference; lastKnownFileType = sourcecode.swift; path = ViewController.swift; sourceTree = "<group>"; };
		7A029A9529070EE800A2D785 /* Assets.xcassets */ = {isa = PBXFileReference; lastKnownFileType = folder.assetcatalog; path = Assets.xcassets; sourceTree = "<group>"; };
		7A029A9829070EE800A2D785 /* Base */ = {isa = PBXFileReference; lastKnownFileType = file.storyboard; name = Base; path = Base.lproj/LaunchScreen.storyboard; sourceTree = "<group>"; };
		7A029A9A29070EE800A2D785 /* Info.plist */ = {isa = PBXFileReference; lastKnownFileType = text.plist.xml; path = Info.plist; sourceTree = "<group>"; };
		7A029AA029070F8D00A2D785 /* Utilities.swift */ = {isa = PBXFileReference; lastKnownFileType = sourcecode.swift; path = Utilities.swift; sourceTree = "<group>"; };
		7A029AA22907101200A2D785 /* TabBarController.swift */ = {isa = PBXFileReference; lastKnownFileType = sourcecode.swift; path = TabBarController.swift; sourceTree = "<group>"; };
		7A029AA52907104F00A2D785 /* Inter-BoldItalic.otf */ = {isa = PBXFileReference; lastKnownFileType = file; path = "Inter-BoldItalic.otf"; sourceTree = "<group>"; };
		7A029AA62907104F00A2D785 /* Inter-LightItalic.otf */ = {isa = PBXFileReference; lastKnownFileType = file; path = "Inter-LightItalic.otf"; sourceTree = "<group>"; };
		7A029AA72907104F00A2D785 /* Inter-Bold.otf */ = {isa = PBXFileReference; lastKnownFileType = file; path = "Inter-Bold.otf"; sourceTree = "<group>"; };
		7A029AA82907104F00A2D785 /* Inter-Light.otf */ = {isa = PBXFileReference; lastKnownFileType = file; path = "Inter-Light.otf"; sourceTree = "<group>"; };
		7A029AA92907104F00A2D785 /* Inter-ExtraLight.otf */ = {isa = PBXFileReference; lastKnownFileType = file; path = "Inter-ExtraLight.otf"; sourceTree = "<group>"; };
		7A029AAA2907104F00A2D785 /* Inter-Black.otf */ = {isa = PBXFileReference; lastKnownFileType = file; path = "Inter-Black.otf"; sourceTree = "<group>"; };
		7A029AAB2907104F00A2D785 /* Inter-ExtraBold.otf */ = {isa = PBXFileReference; lastKnownFileType = file; path = "Inter-ExtraBold.otf"; sourceTree = "<group>"; };
		7A029AAC2907104F00A2D785 /* Inter-ExtraBoldItalic.otf */ = {isa = PBXFileReference; lastKnownFileType = file; path = "Inter-ExtraBoldItalic.otf"; sourceTree = "<group>"; };
		7A029AAD2907104F00A2D785 /* Inter-Medium.otf */ = {isa = PBXFileReference; lastKnownFileType = file; path = "Inter-Medium.otf"; sourceTree = "<group>"; };
		7A029AAE2907104F00A2D785 /* Inter-Regular.otf */ = {isa = PBXFileReference; lastKnownFileType = file; path = "Inter-Regular.otf"; sourceTree = "<group>"; };
		7A029AAF2907104F00A2D785 /* Inter-SemiBoldItalic.otf */ = {isa = PBXFileReference; lastKnownFileType = file; path = "Inter-SemiBoldItalic.otf"; sourceTree = "<group>"; };
		7A029AB02907104F00A2D785 /* Inter-Thin.otf */ = {isa = PBXFileReference; lastKnownFileType = file; path = "Inter-Thin.otf"; sourceTree = "<group>"; };
		7A029AB12907104F00A2D785 /* Inter-SemiBold.otf */ = {isa = PBXFileReference; lastKnownFileType = file; path = "Inter-SemiBold.otf"; sourceTree = "<group>"; };
		7A029AB22907104F00A2D785 /* Inter-MediumItalic.otf */ = {isa = PBXFileReference; lastKnownFileType = file; path = "Inter-MediumItalic.otf"; sourceTree = "<group>"; };
		7A029AB32907104F00A2D785 /* Inter-Italic.otf */ = {isa = PBXFileReference; lastKnownFileType = file; path = "Inter-Italic.otf"; sourceTree = "<group>"; };
		7A029AB42907104F00A2D785 /* Inter-ExtraLightItalic.otf */ = {isa = PBXFileReference; lastKnownFileType = file; path = "Inter-ExtraLightItalic.otf"; sourceTree = "<group>"; };
		7A029AB52907104F00A2D785 /* Inter-BlackItalic.otf */ = {isa = PBXFileReference; lastKnownFileType = file; path = "Inter-BlackItalic.otf"; sourceTree = "<group>"; };
		7A029AB62907104F00A2D785 /* Inter-ThinItalic.otf */ = {isa = PBXFileReference; lastKnownFileType = file; path = "Inter-ThinItalic.otf"; sourceTree = "<group>"; };
		7A029ACA2907108500A2D785 /* ReportVC.swift */ = {isa = PBXFileReference; fileEncoding = 4; lastKnownFileType = sourcecode.swift; path = ReportVC.swift; sourceTree = "<group>"; };
		7A029ACB2907108500A2D785 /* StatisticVC.swift */ = {isa = PBXFileReference; fileEncoding = 4; lastKnownFileType = sourcecode.swift; path = StatisticVC.swift; sourceTree = "<group>"; };
		7A029ACC2907108500A2D785 /* TransactionDetailsVC.swift */ = {isa = PBXFileReference; fileEncoding = 4; lastKnownFileType = sourcecode.swift; path = TransactionDetailsVC.swift; sourceTree = "<group>"; };
		7A029ACD2907108500A2D785 /* LoginVC.swift */ = {isa = PBXFileReference; fileEncoding = 4; lastKnownFileType = sourcecode.swift; path = LoginVC.swift; sourceTree = "<group>"; };
		7A029ACE2907108500A2D785 /* ProfileVC.swift */ = {isa = PBXFileReference; fileEncoding = 4; lastKnownFileType = sourcecode.swift; path = ProfileVC.swift; sourceTree = "<group>"; };
		7A029ACF2907108500A2D785 /* AddIncomeExpenseVC.swift */ = {isa = PBXFileReference; fileEncoding = 4; lastKnownFileType = sourcecode.swift; path = AddIncomeExpenseVC.swift; sourceTree = "<group>"; };
		7A029AD02907108500A2D785 /* HomeVC.swift */ = {isa = PBXFileReference; fileEncoding = 4; lastKnownFileType = sourcecode.swift; path = HomeVC.swift; sourceTree = "<group>"; };
		7A029AD12907108500A2D785 /* RegisterVC.swift */ = {isa = PBXFileReference; fileEncoding = 4; lastKnownFileType = sourcecode.swift; path = RegisterVC.swift; sourceTree = "<group>"; };
		7A029ADB290710CD00A2D785 /* CellStatisticTimePeriod.swift */ = {isa = PBXFileReference; fileEncoding = 4; lastKnownFileType = sourcecode.swift; path = CellStatisticTimePeriod.swift; sourceTree = "<group>"; };
		7AD2962F2907293A005B224C /* GoogleService-Info.plist */ = {isa = PBXFileReference; fileEncoding = 4; lastKnownFileType = text.plist.xml; path = "GoogleService-Info.plist"; sourceTree = "<group>"; };
		8191715D8723D736F4E2606F /* Pods-ExpenseIncomeTracker.release.xcconfig */ = {isa = PBXFileReference; includeInIndex = 1; lastKnownFileType = text.xcconfig; name = "Pods-ExpenseIncomeTracker.release.xcconfig"; path = "Target Support Files/Pods-ExpenseIncomeTracker/Pods-ExpenseIncomeTracker.release.xcconfig"; sourceTree = "<group>"; };
		B16E819BEDB14CA37796D60E /* Pods-ExpenseIncomeTracker.debug.xcconfig */ = {isa = PBXFileReference; includeInIndex = 1; lastKnownFileType = text.xcconfig; name = "Pods-ExpenseIncomeTracker.debug.xcconfig"; path = "Target Support Files/Pods-ExpenseIncomeTracker/Pods-ExpenseIncomeTracker.debug.xcconfig"; sourceTree = "<group>"; };
/* End PBXFileReference section */

/* Begin PBXFrameworksBuildPhase section */
		7A029A8629070EE700A2D785 /* Frameworks */ = {
			isa = PBXFrameworksBuildPhase;
			buildActionMask = 2147483647;
			files = (
				7A2226E12907C2FB00191C63 /* FirebaseFirestoreSwift in Frameworks */,
				7A2226DB2907C2FB00191C63 /* FirebaseAnalytics in Frameworks */,
				7A2226DF2907C2FB00191C63 /* FirebaseFirestore in Frameworks */,
				7A2226DD2907C2FB00191C63 /* FirebaseAuth in Frameworks */,
				08FF7A116DA7A9D88E39F889 /* Pods_ExpenseIncomeTracker.framework in Frameworks */,
			);
			runOnlyForDeploymentPostprocessing = 0;
		};
/* End PBXFrameworksBuildPhase section */

/* Begin PBXGroup section */
		4C9611221D1615F75F2F3944 /* Pods */ = {
			isa = PBXGroup;
			children = (
				B16E819BEDB14CA37796D60E /* Pods-ExpenseIncomeTracker.debug.xcconfig */,
				8191715D8723D736F4E2606F /* Pods-ExpenseIncomeTracker.release.xcconfig */,
			);
			path = Pods;
			sourceTree = "<group>";
		};
		7A029A8029070EE700A2D785 = {
			isa = PBXGroup;
			children = (
				7A029A8B29070EE700A2D785 /* ExpenseIncomeTracker */,
				7A029A8A29070EE700A2D785 /* Products */,
				4C9611221D1615F75F2F3944 /* Pods */,
				FE89125DE184393704E1C083 /* Frameworks */,
			);
			sourceTree = "<group>";
		};
		7A029A8A29070EE700A2D785 /* Products */ = {
			isa = PBXGroup;
			children = (
				7A029A8929070EE700A2D785 /* ExpenseIncomeTracker.app */,
			);
			name = Products;
			sourceTree = "<group>";
		};
		7A029A8B29070EE700A2D785 /* ExpenseIncomeTracker */ = {
			isa = PBXGroup;
			children = (
				7A029ADA290710B900A2D785 /* CellCollectionView */,
				7A029AC92907106500A2D785 /* ViewControllers */,
				7A029AA42907103700A2D785 /* CustomFonts */,
				7A029A8C29070EE700A2D785 /* AppDelegate.swift */,
				7A029A9529070EE800A2D785 /* Assets.xcassets */,
				7AD2962F2907293A005B224C /* GoogleService-Info.plist */,
				7A029A9729070EE800A2D785 /* LaunchScreen.storyboard */,
				7A029A9A29070EE800A2D785 /* Info.plist */,
				7A029AA029070F8D00A2D785 /* Utilities.swift */,
				7A029AA22907101200A2D785 /* TabBarController.swift */,
			);
			path = ExpenseIncomeTracker;
			sourceTree = "<group>";
		};
		7A029AA42907103700A2D785 /* CustomFonts */ = {
			isa = PBXGroup;
			children = (
				7A029AAA2907104F00A2D785 /* Inter-Black.otf */,
				7A029AB52907104F00A2D785 /* Inter-BlackItalic.otf */,
				7A029AA72907104F00A2D785 /* Inter-Bold.otf */,
				7A029AA52907104F00A2D785 /* Inter-BoldItalic.otf */,
				7A029AAB2907104F00A2D785 /* Inter-ExtraBold.otf */,
				7A029AAC2907104F00A2D785 /* Inter-ExtraBoldItalic.otf */,
				7A029AA92907104F00A2D785 /* Inter-ExtraLight.otf */,
				7A029AB42907104F00A2D785 /* Inter-ExtraLightItalic.otf */,
				7A029AB32907104F00A2D785 /* Inter-Italic.otf */,
				7A029AA82907104F00A2D785 /* Inter-Light.otf */,
				7A029AA62907104F00A2D785 /* Inter-LightItalic.otf */,
				7A029AAD2907104F00A2D785 /* Inter-Medium.otf */,
				7A029AB22907104F00A2D785 /* Inter-MediumItalic.otf */,
				7A029AAE2907104F00A2D785 /* Inter-Regular.otf */,
				7A029AB12907104F00A2D785 /* Inter-SemiBold.otf */,
				7A029AAF2907104F00A2D785 /* Inter-SemiBoldItalic.otf */,
				7A029AB02907104F00A2D785 /* Inter-Thin.otf */,
				7A029AB62907104F00A2D785 /* Inter-ThinItalic.otf */,
			);
			path = CustomFonts;
			sourceTree = "<group>";
		};
		7A029AC92907106500A2D785 /* ViewControllers */ = {
			isa = PBXGroup;
			children = (
				7A029A9029070EE700A2D785 /* ViewController.swift */,
				7A029ACF2907108500A2D785 /* AddIncomeExpenseVC.swift */,
				7A029AD02907108500A2D785 /* HomeVC.swift */,
				7A029ACD2907108500A2D785 /* LoginVC.swift */,
				7A029ACE2907108500A2D785 /* ProfileVC.swift */,
				7A029AD12907108500A2D785 /* RegisterVC.swift */,
				7A029ACA2907108500A2D785 /* ReportVC.swift */,
				7A029ACB2907108500A2D785 /* StatisticVC.swift */,
				7A029ACC2907108500A2D785 /* TransactionDetailsVC.swift */,
			);
			path = ViewControllers;
			sourceTree = "<group>";
		};
		7A029ADA290710B900A2D785 /* CellCollectionView */ = {
			isa = PBXGroup;
			children = (
				7A029ADB290710CD00A2D785 /* CellStatisticTimePeriod.swift */,
			);
			path = CellCollectionView;
			sourceTree = "<group>";
		};
		FE89125DE184393704E1C083 /* Frameworks */ = {
			isa = PBXGroup;
			children = (
				0837FFAB14D212C192BC69DF /* Pods_ExpenseIncomeTracker.framework */,
			);
			name = Frameworks;
			sourceTree = "<group>";
		};
/* End PBXGroup section */

/* Begin PBXNativeTarget section */
		7A029A8829070EE700A2D785 /* ExpenseIncomeTracker */ = {
			isa = PBXNativeTarget;
			buildConfigurationList = 7A029A9D29070EE800A2D785 /* Build configuration list for PBXNativeTarget "ExpenseIncomeTracker" */;
			buildPhases = (
				CA6A716F0145A22BD42C33DC /* [CP] Check Pods Manifest.lock */,
				7A029A8529070EE700A2D785 /* Sources */,
				7A029A8629070EE700A2D785 /* Frameworks */,
				7A029A8729070EE700A2D785 /* Resources */,
				60EBA804508A326626BF5662 /* [CP] Embed Pods Frameworks */,
			);
			buildRules = (
			);
			dependencies = (
			);
			name = ExpenseIncomeTracker;
			packageProductDependencies = (
				7A2226DA2907C2FB00191C63 /* FirebaseAnalytics */,
				7A2226DC2907C2FB00191C63 /* FirebaseAuth */,
				7A2226DE2907C2FB00191C63 /* FirebaseFirestore */,
				7A2226E02907C2FB00191C63 /* FirebaseFirestoreSwift */,
			);
			productName = ExpenseIncomeTracker;
			productReference = 7A029A8929070EE700A2D785 /* ExpenseIncomeTracker.app */;
			productType = "com.apple.product-type.application";
		};
/* End PBXNativeTarget section */

/* Begin PBXProject section */
		7A029A8129070EE700A2D785 /* Project object */ = {
			isa = PBXProject;
			attributes = {
				BuildIndependentTargetsInParallel = 1;
				LastSwiftUpdateCheck = 1340;
				LastUpgradeCheck = 1340;
				TargetAttributes = {
					7A029A8829070EE700A2D785 = {
						CreatedOnToolsVersion = 13.4.1;
					};
				};
			};
			buildConfigurationList = 7A029A8429070EE700A2D785 /* Build configuration list for PBXProject "ExpenseIncomeTracker" */;
			compatibilityVersion = "Xcode 13.0";
			developmentRegion = en;
			hasScannedForEncodings = 0;
			knownRegions = (
				en,
				Base,
			);
			mainGroup = 7A029A8029070EE700A2D785;
			packageReferences = (
				7A2226D92907C2FB00191C63 /* XCRemoteSwiftPackageReference "firebase-ios-sdk" */,
			);
			productRefGroup = 7A029A8A29070EE700A2D785 /* Products */;
			projectDirPath = "";
			projectRoot = "";
			targets = (
				7A029A8829070EE700A2D785 /* ExpenseIncomeTracker */,
			);
		};
/* End PBXProject section */

/* Begin PBXResourcesBuildPhase section */
		7A029A8729070EE700A2D785 /* Resources */ = {
			isa = PBXResourcesBuildPhase;
			buildActionMask = 2147483647;
			files = (
				7A029A9929070EE800A2D785 /* LaunchScreen.storyboard in Resources */,
				7A029AC12907104F00A2D785 /* Inter-SemiBoldItalic.otf in Resources */,
				7A029AC02907104F00A2D785 /* Inter-Regular.otf in Resources */,
				7A029AC42907104F00A2D785 /* Inter-MediumItalic.otf in Resources */,
				7A029ABF2907104F00A2D785 /* Inter-Medium.otf in Resources */,
				7A029ABB2907104F00A2D785 /* Inter-ExtraLight.otf in Resources */,
				7A029AC62907104F00A2D785 /* Inter-ExtraLightItalic.otf in Resources */,
				7A029AC82907104F00A2D785 /* Inter-ThinItalic.otf in Resources */,
				7A029ABC2907104F00A2D785 /* Inter-Black.otf in Resources */,
				7A029ABA2907104F00A2D785 /* Inter-Light.otf in Resources */,
				7A029AB92907104F00A2D785 /* Inter-Bold.otf in Resources */,
				7A029AC32907104F00A2D785 /* Inter-SemiBold.otf in Resources */,
				7A029ABD2907104F00A2D785 /* Inter-ExtraBold.otf in Resources */,
				7A029AC52907104F00A2D785 /* Inter-Italic.otf in Resources */,
				7A029AB82907104F00A2D785 /* Inter-LightItalic.otf in Resources */,
				7A029AB72907104F00A2D785 /* Inter-BoldItalic.otf in Resources */,
				7A029AC22907104F00A2D785 /* Inter-Thin.otf in Resources */,
				7A029ABE2907104F00A2D785 /* Inter-ExtraBoldItalic.otf in Resources */,
				7A029AC72907104F00A2D785 /* Inter-BlackItalic.otf in Resources */,
				7A029A9629070EE800A2D785 /* Assets.xcassets in Resources */,
				7AD296302907293A005B224C /* GoogleService-Info.plist in Resources */,
			);
			runOnlyForDeploymentPostprocessing = 0;
		};
/* End PBXResourcesBuildPhase section */

/* Begin PBXShellScriptBuildPhase section */
		60EBA804508A326626BF5662 /* [CP] Embed Pods Frameworks */ = {
			isa = PBXShellScriptBuildPhase;
			buildActionMask = 2147483647;
			files = (
			);
			inputFileListPaths = (
				"${PODS_ROOT}/Target Support Files/Pods-ExpenseIncomeTracker/Pods-ExpenseIncomeTracker-frameworks-${CONFIGURATION}-input-files.xcfilelist",
			);
			name = "[CP] Embed Pods Frameworks";
			outputFileListPaths = (
				"${PODS_ROOT}/Target Support Files/Pods-ExpenseIncomeTracker/Pods-ExpenseIncomeTracker-frameworks-${CONFIGURATION}-output-files.xcfilelist",
			);
			runOnlyForDeploymentPostprocessing = 0;
			shellPath = /bin/sh;
			shellScript = "\"${PODS_ROOT}/Target Support Files/Pods-ExpenseIncomeTracker/Pods-ExpenseIncomeTracker-frameworks.sh\"\n";
			showEnvVarsInLog = 0;
		};
		CA6A716F0145A22BD42C33DC /* [CP] Check Pods Manifest.lock */ = {
			isa = PBXShellScriptBuildPhase;
			buildActionMask = 2147483647;
			files = (
			);
			inputFileListPaths = (
			);
			inputPaths = (
				"${PODS_PODFILE_DIR_PATH}/Podfile.lock",
				"${PODS_ROOT}/Manifest.lock",
			);
			name = "[CP] Check Pods Manifest.lock";
			outputFileListPaths = (
			);
			outputPaths = (
				"$(DERIVED_FILE_DIR)/Pods-ExpenseIncomeTracker-checkManifestLockResult.txt",
			);
			runOnlyForDeploymentPostprocessing = 0;
			shellPath = /bin/sh;
			shellScript = "diff \"${PODS_PODFILE_DIR_PATH}/Podfile.lock\" \"${PODS_ROOT}/Manifest.lock\" > /dev/null\nif [ $? != 0 ] ; then\n    # print error to STDERR\n    echo \"error: The sandbox is not in sync with the Podfile.lock. Run 'pod install' or update your CocoaPods installation.\" >&2\n    exit 1\nfi\n# This output is used by Xcode 'outputs' to avoid re-running this script phase.\necho \"SUCCESS\" > \"${SCRIPT_OUTPUT_FILE_0}\"\n";
			showEnvVarsInLog = 0;
		};
/* End PBXShellScriptBuildPhase section */

/* Begin PBXSourcesBuildPhase section */
		7A029A8529070EE700A2D785 /* Sources */ = {
			isa = PBXSourcesBuildPhase;
			buildActionMask = 2147483647;
			files = (
				7A029AA129070F8D00A2D785 /* Utilities.swift in Sources */,
				7A029AD22907108500A2D785 /* ReportVC.swift in Sources */,
				7A029AD72907108500A2D785 /* AddIncomeExpenseVC.swift in Sources */,
				7A029AD52907108500A2D785 /* LoginVC.swift in Sources */,
				7A029AD62907108500A2D785 /* ProfileVC.swift in Sources */,
				7A029AA32907101200A2D785 /* TabBarController.swift in Sources */,
				7A029AD32907108500A2D785 /* StatisticVC.swift in Sources */,
				7A029A9129070EE700A2D785 /* ViewController.swift in Sources */,
				7A029AD42907108500A2D785 /* TransactionDetailsVC.swift in Sources */,
				7A029AD92907108500A2D785 /* RegisterVC.swift in Sources */,
				7A029AD82907108500A2D785 /* HomeVC.swift in Sources */,
				7A029A8D29070EE700A2D785 /* AppDelegate.swift in Sources */,
				7A029ADC290710CD00A2D785 /* CellStatisticTimePeriod.swift in Sources */,
			);
			runOnlyForDeploymentPostprocessing = 0;
		};
/* End PBXSourcesBuildPhase section */

/* Begin PBXVariantGroup section */
		7A029A9729070EE800A2D785 /* LaunchScreen.storyboard */ = {
			isa = PBXVariantGroup;
			children = (
				7A029A9829070EE800A2D785 /* Base */,
			);
			name = LaunchScreen.storyboard;
			sourceTree = "<group>";
		};
/* End PBXVariantGroup section */

/* Begin XCBuildConfiguration section */
		7A029A9B29070EE800A2D785 /* Debug */ = {
			isa = XCBuildConfiguration;
			buildSettings = {
				ALWAYS_SEARCH_USER_PATHS = NO;
				CLANG_ANALYZER_NONNULL = YES;
				CLANG_ANALYZER_NUMBER_OBJECT_CONVERSION = YES_AGGRESSIVE;
				CLANG_CXX_LANGUAGE_STANDARD = "gnu++17";
				CLANG_ENABLE_MODULES = YES;
				CLANG_ENABLE_OBJC_ARC = YES;
				CLANG_ENABLE_OBJC_WEAK = YES;
				CLANG_WARN_BLOCK_CAPTURE_AUTORELEASING = YES;
				CLANG_WARN_BOOL_CONVERSION = YES;
				CLANG_WARN_COMMA = YES;
				CLANG_WARN_CONSTANT_CONVERSION = YES;
				CLANG_WARN_DEPRECATED_OBJC_IMPLEMENTATIONS = YES;
				CLANG_WARN_DIRECT_OBJC_ISA_USAGE = YES_ERROR;
				CLANG_WARN_DOCUMENTATION_COMMENTS = YES;
				CLANG_WARN_EMPTY_BODY = YES;
				CLANG_WARN_ENUM_CONVERSION = YES;
				CLANG_WARN_INFINITE_RECURSION = YES;
				CLANG_WARN_INT_CONVERSION = YES;
				CLANG_WARN_NON_LITERAL_NULL_CONVERSION = YES;
				CLANG_WARN_OBJC_IMPLICIT_RETAIN_SELF = YES;
				CLANG_WARN_OBJC_LITERAL_CONVERSION = YES;
				CLANG_WARN_OBJC_ROOT_CLASS = YES_ERROR;
				CLANG_WARN_QUOTED_INCLUDE_IN_FRAMEWORK_HEADER = YES;
				CLANG_WARN_RANGE_LOOP_ANALYSIS = YES;
				CLANG_WARN_STRICT_PROTOTYPES = YES;
				CLANG_WARN_SUSPICIOUS_MOVE = YES;
				CLANG_WARN_UNGUARDED_AVAILABILITY = YES_AGGRESSIVE;
				CLANG_WARN_UNREACHABLE_CODE = YES;
				CLANG_WARN__DUPLICATE_METHOD_MATCH = YES;
				COPY_PHASE_STRIP = NO;
				DEBUG_INFORMATION_FORMAT = dwarf;
				ENABLE_STRICT_OBJC_MSGSEND = YES;
				ENABLE_TESTABILITY = YES;
				GCC_C_LANGUAGE_STANDARD = gnu11;
				GCC_DYNAMIC_NO_PIC = NO;
				GCC_NO_COMMON_BLOCKS = YES;
				GCC_OPTIMIZATION_LEVEL = 0;
				GCC_PREPROCESSOR_DEFINITIONS = (
					"DEBUG=1",
					"$(inherited)",
				);
				GCC_WARN_64_TO_32_BIT_CONVERSION = YES;
				GCC_WARN_ABOUT_RETURN_TYPE = YES_ERROR;
				GCC_WARN_UNDECLARED_SELECTOR = YES;
				GCC_WARN_UNINITIALIZED_AUTOS = YES_AGGRESSIVE;
				GCC_WARN_UNUSED_FUNCTION = YES;
				GCC_WARN_UNUSED_VARIABLE = YES;
				IPHONEOS_DEPLOYMENT_TARGET = 15.5;
				MTL_ENABLE_DEBUG_INFO = INCLUDE_SOURCE;
				MTL_FAST_MATH = YES;
				ONLY_ACTIVE_ARCH = YES;
				SDKROOT = iphoneos;
				SWIFT_ACTIVE_COMPILATION_CONDITIONS = DEBUG;
				SWIFT_OPTIMIZATION_LEVEL = "-Onone";
			};
			name = Debug;
		};
		7A029A9C29070EE800A2D785 /* Release */ = {
			isa = XCBuildConfiguration;
			buildSettings = {
				ALWAYS_SEARCH_USER_PATHS = NO;
				CLANG_ANALYZER_NONNULL = YES;
				CLANG_ANALYZER_NUMBER_OBJECT_CONVERSION = YES_AGGRESSIVE;
				CLANG_CXX_LANGUAGE_STANDARD = "gnu++17";
				CLANG_ENABLE_MODULES = YES;
				CLANG_ENABLE_OBJC_ARC = YES;
				CLANG_ENABLE_OBJC_WEAK = YES;
				CLANG_WARN_BLOCK_CAPTURE_AUTORELEASING = YES;
				CLANG_WARN_BOOL_CONVERSION = YES;
				CLANG_WARN_COMMA = YES;
				CLANG_WARN_CONSTANT_CONVERSION = YES;
				CLANG_WARN_DEPRECATED_OBJC_IMPLEMENTATIONS = YES;
				CLANG_WARN_DIRECT_OBJC_ISA_USAGE = YES_ERROR;
				CLANG_WARN_DOCUMENTATION_COMMENTS = YES;
				CLANG_WARN_EMPTY_BODY = YES;
				CLANG_WARN_ENUM_CONVERSION = YES;
				CLANG_WARN_INFINITE_RECURSION = YES;
				CLANG_WARN_INT_CONVERSION = YES;
				CLANG_WARN_NON_LITERAL_NULL_CONVERSION = YES;
				CLANG_WARN_OBJC_IMPLICIT_RETAIN_SELF = YES;
				CLANG_WARN_OBJC_LITERAL_CONVERSION = YES;
				CLANG_WARN_OBJC_ROOT_CLASS = YES_ERROR;
				CLANG_WARN_QUOTED_INCLUDE_IN_FRAMEWORK_HEADER = YES;
				CLANG_WARN_RANGE_LOOP_ANALYSIS = YES;
				CLANG_WARN_STRICT_PROTOTYPES = YES;
				CLANG_WARN_SUSPICIOUS_MOVE = YES;
				CLANG_WARN_UNGUARDED_AVAILABILITY = YES_AGGRESSIVE;
				CLANG_WARN_UNREACHABLE_CODE = YES;
				CLANG_WARN__DUPLICATE_METHOD_MATCH = YES;
				COPY_PHASE_STRIP = NO;
				DEBUG_INFORMATION_FORMAT = "dwarf-with-dsym";
				ENABLE_NS_ASSERTIONS = NO;
				ENABLE_STRICT_OBJC_MSGSEND = YES;
				GCC_C_LANGUAGE_STANDARD = gnu11;
				GCC_NO_COMMON_BLOCKS = YES;
				GCC_WARN_64_TO_32_BIT_CONVERSION = YES;
				GCC_WARN_ABOUT_RETURN_TYPE = YES_ERROR;
				GCC_WARN_UNDECLARED_SELECTOR = YES;
				GCC_WARN_UNINITIALIZED_AUTOS = YES_AGGRESSIVE;
				GCC_WARN_UNUSED_FUNCTION = YES;
				GCC_WARN_UNUSED_VARIABLE = YES;
				IPHONEOS_DEPLOYMENT_TARGET = 15.5;
				MTL_ENABLE_DEBUG_INFO = NO;
				MTL_FAST_MATH = YES;
				SDKROOT = iphoneos;
				SWIFT_COMPILATION_MODE = wholemodule;
				SWIFT_OPTIMIZATION_LEVEL = "-O";
				VALIDATE_PRODUCT = YES;
			};
			name = Release;
		};
		7A029A9E29070EE800A2D785 /* Debug */ = {
			isa = XCBuildConfiguration;
			baseConfigurationReference = B16E819BEDB14CA37796D60E /* Pods-ExpenseIncomeTracker.debug.xcconfig */;
			buildSettings = {
				ASSETCATALOG_COMPILER_APPICON_NAME = AppIcon;
				ASSETCATALOG_COMPILER_GLOBAL_ACCENT_COLOR_NAME = AccentColor;
				CODE_SIGN_STYLE = Automatic;
				CURRENT_PROJECT_VERSION = 1;
				DEVELOPMENT_TEAM = W8CF47983Q;
				GENERATE_INFOPLIST_FILE = YES;
				INFOPLIST_FILE = ExpenseIncomeTracker/Info.plist;
				INFOPLIST_KEY_UIApplicationSupportsIndirectInputEvents = YES;
				INFOPLIST_KEY_UILaunchStoryboardName = LaunchScreen;
				INFOPLIST_KEY_UISupportedInterfaceOrientations_iPad = "UIInterfaceOrientationPortrait UIInterfaceOrientationPortraitUpsideDown UIInterfaceOrientationLandscapeLeft UIInterfaceOrientationLandscapeRight";
				INFOPLIST_KEY_UISupportedInterfaceOrientations_iPhone = "UIInterfaceOrientationPortrait UIInterfaceOrientationLandscapeLeft UIInterfaceOrientationLandscapeRight";
				LD_RUNPATH_SEARCH_PATHS = (
					"$(inherited)",
					"@executable_path/Frameworks",
				);
				MARKETING_VERSION = 1.0;
				PRODUCT_BUNDLE_IDENTIFIER = com.sayujyasingh.ExpenseIncomeTracker;
				PRODUCT_NAME = "$(TARGET_NAME)";
				SWIFT_EMIT_LOC_STRINGS = YES;
				SWIFT_VERSION = 5.0;
				TARGETED_DEVICE_FAMILY = "1,2";
			};
			name = Debug;
		};
		7A029A9F29070EE800A2D785 /* Release */ = {
			isa = XCBuildConfiguration;
			baseConfigurationReference = 8191715D8723D736F4E2606F /* Pods-ExpenseIncomeTracker.release.xcconfig */;
			buildSettings = {
				ASSETCATALOG_COMPILER_APPICON_NAME = AppIcon;
				ASSETCATALOG_COMPILER_GLOBAL_ACCENT_COLOR_NAME = AccentColor;
				CODE_SIGN_STYLE = Automatic;
				CURRENT_PROJECT_VERSION = 1;
				DEVELOPMENT_TEAM = W8CF47983Q;
				GENERATE_INFOPLIST_FILE = YES;
				INFOPLIST_FILE = ExpenseIncomeTracker/Info.plist;
				INFOPLIST_KEY_UIApplicationSupportsIndirectInputEvents = YES;
				INFOPLIST_KEY_UILaunchStoryboardName = LaunchScreen;
				INFOPLIST_KEY_UISupportedInterfaceOrientations_iPad = "UIInterfaceOrientationPortrait UIInterfaceOrientationPortraitUpsideDown UIInterfaceOrientationLandscapeLeft UIInterfaceOrientationLandscapeRight";
				INFOPLIST_KEY_UISupportedInterfaceOrientations_iPhone = "UIInterfaceOrientationPortrait UIInterfaceOrientationLandscapeLeft UIInterfaceOrientationLandscapeRight";
				LD_RUNPATH_SEARCH_PATHS = (
					"$(inherited)",
					"@executable_path/Frameworks",
				);
				MARKETING_VERSION = 1.0;
				PRODUCT_BUNDLE_IDENTIFIER = com.sayujyasingh.ExpenseIncomeTracker;
				PRODUCT_NAME = "$(TARGET_NAME)";
				SWIFT_EMIT_LOC_STRINGS = YES;
				SWIFT_VERSION = 5.0;
				TARGETED_DEVICE_FAMILY = "1,2";
			};
			name = Release;
		};
/* End XCBuildConfiguration section */

/* Begin XCConfigurationList section */
		7A029A8429070EE700A2D785 /* Build configuration list for PBXProject "ExpenseIncomeTracker" */ = {
			isa = XCConfigurationList;
			buildConfigurations = (
				7A029A9B29070EE800A2D785 /* Debug */,
				7A029A9C29070EE800A2D785 /* Release */,
			);
			defaultConfigurationIsVisible = 0;
			defaultConfigurationName = Release;
		};
		7A029A9D29070EE800A2D785 /* Build configuration list for PBXNativeTarget "ExpenseIncomeTracker" */ = {
			isa = XCConfigurationList;
			buildConfigurations = (
				7A029A9E29070EE800A2D785 /* Debug */,
				7A029A9F29070EE800A2D785 /* Release */,
			);
			defaultConfigurationIsVisible = 0;
			defaultConfigurationName = Release;
		};
/* End XCConfigurationList section */

/* Begin XCRemoteSwiftPackageReference section */
		7A2226D92907C2FB00191C63 /* XCRemoteSwiftPackageReference "firebase-ios-sdk" */ = {
			isa = XCRemoteSwiftPackageReference;
			repositoryURL = "https://github.com/firebase/firebase-ios-sdk";
			requirement = {
				kind = upToNextMajorVersion;
				minimumVersion = 9.0.0;
			};
		};
/* End XCRemoteSwiftPackageReference section */

/* Begin XCSwiftPackageProductDependency section */
		7A2226DA2907C2FB00191C63 /* FirebaseAnalytics */ = {
			isa = XCSwiftPackageProductDependency;
			package = 7A2226D92907C2FB00191C63 /* XCRemoteSwiftPackageReference "firebase-ios-sdk" */;
			productName = FirebaseAnalytics;
		};
		7A2226DC2907C2FB00191C63 /* FirebaseAuth */ = {
			isa = XCSwiftPackageProductDependency;
			package = 7A2226D92907C2FB00191C63 /* XCRemoteSwiftPackageReference "firebase-ios-sdk" */;
			productName = FirebaseAuth;
		};
		7A2226DE2907C2FB00191C63 /* FirebaseFirestore */ = {
			isa = XCSwiftPackageProductDependency;
			package = 7A2226D92907C2FB00191C63 /* XCRemoteSwiftPackageReference "firebase-ios-sdk" */;
			productName = FirebaseFirestore;
		};
		7A2226E02907C2FB00191C63 /* FirebaseFirestoreSwift */ = {
			isa = XCSwiftPackageProductDependency;
			package = 7A2226D92907C2FB00191C63 /* XCRemoteSwiftPackageReference "firebase-ios-sdk" */;
			productName = FirebaseFirestoreSwift;
		};
/* End XCSwiftPackageProductDependency section */
	};
	rootObject = 7A029A8129070EE700A2D785 /* Project object */;
}
